
Microsoft Visual Studio Solution File, Format Version 12.00
# Visual Studio Version 16
VisualStudioVersion = 16.0.30611.23
MinimumVisualStudioVersion = 10.0.40219.1
Project("{9A19103F-16F7-4668-BE54-9A1E7A4F7556}") = "SignalRChat", "SignalRChat.csproj", "{222AAB0C-42D0-4FE3-B33D-7591EE122942}"
EndProject
Global
	GlobalSection(SolutionConfigurationPlatforms) = preSolution
		Debug|Any CPU = Debug|Any CPU
		Release|Any CPU = Release|Any CPU
	EndGlobalSection
	GlobalSection(ProjectConfigurationPlatforms) = postSolution
		{222AAB0C-42D0-4FE3-B33D-7591EE122942}.Debug|Any CPU.ActiveCfg = Debug|Any CPU
		{222AAB0C-42D0-4FE3-B33D-7591EE122942}.Debug|Any CPU.Build.0 = Debug|Any CPU
		{222AAB0C-42D0-4FE3-B33D-7591EE122942}.Release|Any CPU.ActiveCfg = Release|Any CPU
		{222AAB0C-42D0-4FE3-B33D-7591EE122942}.Release|Any CPU.Build.0 = Release|Any CPU
	EndGlobalSection
	GlobalSection(SolutionProperties) = preSolution
		HideSolutionNode = FALSE
	EndGlobalSection
	GlobalSection(ExtensibilityGlobals) = postSolution
		SolutionGuid = {08446EE4-C644-4A77-8CBF-7C9E9ACEA43B}
	EndGlobalSection
EndGlobal
